
Microsoft Visual Studio Solution File, Format Version 12.00
# Visual Studio Version 17
VisualStudioVersion = 17.9.34607.119
MinimumVisualStudioVersion = 10.0.40219.1
Project("{FAE04EC0-301F-11D3-BF4B-00C04F79EFBC}") = "WeaponManager", "WeaponManager.csproj", "{46229156-18C1-41AF-A87D-9C0C6592362C}"
EndProject
Global
	GlobalSection(SolutionConfigurationPlatforms) = preSolution
		Debug|Any CPU = Debug|Any CPU
		Release|Any CPU = Release|Any CPU
	EndGlobalSection
	GlobalSection(ProjectConfigurationPlatforms) = postSolution
		{46229156-18C1-41AF-A87D-9C0C6592362C}.Debug|Any CPU.ActiveCfg = Debug|Any CPU
		{46229156-18C1-41AF-A87D-9C0C6592362C}.Debug|Any CPU.Build.0 = Debug|Any CPU
		{46229156-18C1-41AF-A87D-9C0C6592362C}.Release|Any CPU.ActiveCfg = Release|Any CPU
		{46229156-18C1-41AF-A87D-9C0C6592362C}.Release|Any CPU.Build.0 = Release|Any CPU
	EndGlobalSection
	GlobalSection(SolutionProperties) = preSolution
		HideSolutionNode = FALSE
	EndGlobalSection
	GlobalSection(ExtensibilityGlobals) = postSolution
		SolutionGuid = {8CDF20F5-17F7-49CB-843A-9E3E1D9E92D5}
	EndGlobalSection
EndGlobal
